
Microsoft Visual Studio Solution File, Format Version 12.00
# Visual Studio Version 17
VisualStudioVersion = 17.7.34031.279
MinimumVisualStudioVersion = 10.0.40219.1
Project("{2150E333-8FDC-42A3-9474-1A3956D46DE8}") = "rsc", "rsc", "{EDEFA6A1-370A-4BAC-915A-9DD0BCCDD2A8}"
EndProject
Project("{2150E333-8FDC-42A3-9474-1A3956D46DE8}") = "API", "API", "{90DC800E-99BA-4A26-A210-B35E794D978B}"
EndProject
Project("{9A19103F-16F7-4668-BE54-9A1E7A4F7556}") = "eHandBookApp.API", "rsc\API\eHandBookApp.API\eHandBookApp.API.csproj", "{11E00B5B-AE2E-435E-B93D-5493E92690ED}"
EndProject
Project("{9A19103F-16F7-4668-BE54-9A1E7A4F7556}") = "eHandBookApp.Bootstrapper", "rsc\Bootstrapper\eHandBookApp.Bootstrapper\eHandBookApp.Bootstrapper.csproj", "{61B3EEB2-2F8F-45AF-8E60-8E51C207AD1D}"
EndProject
Project("{2150E333-8FDC-42A3-9474-1A3956D46DE8}") = "Bootstrapper", "Bootstrapper", "{0D633095-3D6F-47FD-A3F5-50684FDF90BB}"
EndProject
Project("{E53339B2-1760-4266-BCC7-CA923CBCF16C}") = "docker-compose", "docker-compose.dcproj", "{32EF1BCF-A997-4DC2-930C-2810595D3BDA}"
EndProject
Global
	GlobalSection(SolutionConfigurationPlatforms) = preSolution
		Debug|Any CPU = Debug|Any CPU
		Release|Any CPU = Release|Any CPU
	EndGlobalSection
	GlobalSection(ProjectConfigurationPlatforms) = postSolution
		{11E00B5B-AE2E-435E-B93D-5493E92690ED}.Debug|Any CPU.ActiveCfg = Debug|Any CPU
		{11E00B5B-AE2E-435E-B93D-5493E92690ED}.Debug|Any CPU.Build.0 = Debug|Any CPU
		{11E00B5B-AE2E-435E-B93D-5493E92690ED}.Release|Any CPU.ActiveCfg = Release|Any CPU
		{11E00B5B-AE2E-435E-B93D-5493E92690ED}.Release|Any CPU.Build.0 = Release|Any CPU
		{61B3EEB2-2F8F-45AF-8E60-8E51C207AD1D}.Debug|Any CPU.ActiveCfg = Debug|Any CPU
		{61B3EEB2-2F8F-45AF-8E60-8E51C207AD1D}.Debug|Any CPU.Build.0 = Debug|Any CPU
		{61B3EEB2-2F8F-45AF-8E60-8E51C207AD1D}.Release|Any CPU.ActiveCfg = Release|Any CPU
		{61B3EEB2-2F8F-45AF-8E60-8E51C207AD1D}.Release|Any CPU.Build.0 = Release|Any CPU
		{32EF1BCF-A997-4DC2-930C-2810595D3BDA}.Debug|Any CPU.ActiveCfg = Debug|Any CPU
		{32EF1BCF-A997-4DC2-930C-2810595D3BDA}.Debug|Any CPU.Build.0 = Debug|Any CPU
		{32EF1BCF-A997-4DC2-930C-2810595D3BDA}.Release|Any CPU.ActiveCfg = Release|Any CPU
		{32EF1BCF-A997-4DC2-930C-2810595D3BDA}.Release|Any CPU.Build.0 = Release|Any CPU
	EndGlobalSection
	GlobalSection(SolutionProperties) = preSolution
		HideSolutionNode = FALSE
	EndGlobalSection
	GlobalSection(NestedProjects) = preSolution
		{90DC800E-99BA-4A26-A210-B35E794D978B} = {EDEFA6A1-370A-4BAC-915A-9DD0BCCDD2A8}
		{11E00B5B-AE2E-435E-B93D-5493E92690ED} = {90DC800E-99BA-4A26-A210-B35E794D978B}
		{61B3EEB2-2F8F-45AF-8E60-8E51C207AD1D} = {0D633095-3D6F-47FD-A3F5-50684FDF90BB}
		{0D633095-3D6F-47FD-A3F5-50684FDF90BB} = {EDEFA6A1-370A-4BAC-915A-9DD0BCCDD2A8}
	EndGlobalSection
	GlobalSection(ExtensibilityGlobals) = postSolution
		SolutionGuid = {2F1D9803-C70D-4B63-9F6F-91B8BB6A5E00}
	EndGlobalSection
EndGlobal
